
Microsoft Visual Studio Solution File, Format Version 12.00
# Visual Studio Version 17
VisualStudioVersion = 17.8.34330.188
MinimumVisualStudioVersion = 10.0.40219.1
Project("{9A19103F-16F7-4668-BE54-9A1E7A4F7556}") = "Zadanie_domowe", "Zadanie_domowe\Zadanie_domowe.csproj", "{013D595B-0CCA-4233-8315-D5B1B1B6C257}"
EndProject
Project("{FAE04EC0-301F-11D3-BF4B-00C04F79EFBC}") = "Zadanie_Domowe.Tests", "Zadanie_Domowe.Tests\Zadanie_Domowe.Tests.csproj", "{6A8B26B3-E4EB-48E3-9870-B848578B3011}"
EndProject
Global
	GlobalSection(SolutionConfigurationPlatforms) = preSolution
		Debug|Any CPU = Debug|Any CPU
		Release|Any CPU = Release|Any CPU
	EndGlobalSection
	GlobalSection(ProjectConfigurationPlatforms) = postSolution
		{013D595B-0CCA-4233-8315-D5B1B1B6C257}.Debug|Any CPU.ActiveCfg = Debug|Any CPU
		{013D595B-0CCA-4233-8315-D5B1B1B6C257}.Debug|Any CPU.Build.0 = Debug|Any CPU
		{013D595B-0CCA-4233-8315-D5B1B1B6C257}.Release|Any CPU.ActiveCfg = Release|Any CPU
		{013D595B-0CCA-4233-8315-D5B1B1B6C257}.Release|Any CPU.Build.0 = Release|Any CPU
		{6A8B26B3-E4EB-48E3-9870-B848578B3011}.Debug|Any CPU.ActiveCfg = Debug|Any CPU
		{6A8B26B3-E4EB-48E3-9870-B848578B3011}.Debug|Any CPU.Build.0 = Debug|Any CPU
		{6A8B26B3-E4EB-48E3-9870-B848578B3011}.Release|Any CPU.ActiveCfg = Release|Any CPU
		{6A8B26B3-E4EB-48E3-9870-B848578B3011}.Release|Any CPU.Build.0 = Release|Any CPU
	EndGlobalSection
	GlobalSection(SolutionProperties) = preSolution
		HideSolutionNode = FALSE
	EndGlobalSection
	GlobalSection(ExtensibilityGlobals) = postSolution
		SolutionGuid = {C1C9AFB3-F706-4E9A-9FCB-A8EFD1C12C32}
	EndGlobalSection
EndGlobal
